// !$*UTF8*$!
{
	archiveVersion = 1;
	classes = {
	};
	objectVersion = 46;
	objects = {

/* Begin PBXBuildFile section */
		3727E3A6169709A800AA50DA /* QuartzCore.framework in Frameworks */ = {isa = PBXBuildFile; fileRef = 3727E3A5169709A800AA50DA /* QuartzCore.framework */; };
		373F73BA1694238700134653 /* UIKit.framework in Frameworks */ = {isa = PBXBuildFile; fileRef = 373F73B91694238700134653 /* UIKit.framework */; settings = {ATTRIBUTES = (Weak, ); }; };
		373F73BC1694238700134653 /* Foundation.framework in Frameworks */ = {isa = PBXBuildFile; fileRef = 373F73BB1694238700134653 /* Foundation.framework */; };
		373F73BE1694238700134653 /* CoreGraphics.framework in Frameworks */ = {isa = PBXBuildFile; fileRef = 373F73BD1694238700134653 /* CoreGraphics.framework */; };
		373F73C41694238700134653 /* InfoPlist.strings in Resources */ = {isa = PBXBuildFile; fileRef = 373F73C21694238700134653 /* InfoPlist.strings */; };
		373F73C61694238700134653 /* main.m in Sources */ = {isa = PBXBuildFile; fileRef = 373F73C51694238700134653 /* main.m */; };
		373F73CA1694238700134653 /* AppDelegate.m in Sources */ = {isa = PBXBuildFile; fileRef = 373F73C91694238700134653 /* AppDelegate.m */; };
		373F73CC1694238700134653 /* Default.png in Resources */ = {isa = PBXBuildFile; fileRef = 373F73CB1694238700134653 /* Default.png */; };
		373F73CE1694238700134653 /* Default@2x.png in Resources */ = {isa = PBXBuildFile; fileRef = 373F73CD1694238700134653 /* Default@2x.png */; };
		373F73D01694238700134653 /* Default-568h@2x.png in Resources */ = {isa = PBXBuildFile; fileRef = 373F73CF1694238700134653 /* Default-568h@2x.png */; };
		373F73DC169423CD00134653 /* DetailsViewController.m in Sources */ = {isa = PBXBuildFile; fileRef = 373F73D8169423CD00134653 /* DetailsViewController.m */; };
		373F73DD169423CD00134653 /* DetailsViewController.xib in Resources */ = {isa = PBXBuildFile; fileRef = 373F73D9169423CD00134653 /* DetailsViewController.xib */; };
		373F73DE169423CD00134653 /* MenuViewController.m in Sources */ = {isa = PBXBuildFile; fileRef = 373F73DB169423CD00134653 /* MenuViewController.m */; };
		37D1DAFA17FF02B800C250D7 /* NVSlideMenuController.m in Sources */ = {isa = PBXBuildFile; fileRef = 373F73E2169423D600134653 /* NVSlideMenuController.m */; };
/* End PBXBuildFile section */

/* Begin PBXFileReference section */
		3727E3A5169709A800AA50DA /* QuartzCore.framework */ = {isa = PBXFileReference; lastKnownFileType = wrapper.framework; name = QuartzCore.framework; path = System/Library/Frameworks/QuartzCore.framework; sourceTree = SDKROOT; };
		373F73B51694238700134653 /* BasicDemo.app */ = {isa = PBXFileReference; explicitFileType = wrapper.application; includeInIndex = 0; path = BasicDemo.app; sourceTree = BUILT_PRODUCTS_DIR; };
		373F73B91694238700134653 /* UIKit.framework */ = {isa = PBXFileReference; lastKnownFileType = wrapper.framework; name = UIKit.framework; path = System/Library/Frameworks/UIKit.framework; sourceTree = SDKROOT; };
		373F73BB1694238700134653 /* Foundation.framework */ = {isa = PBXFileReference; lastKnownFileType = wrapper.framework; name = Foundation.framework; path = System/Library/Frameworks/Foundation.framework; sourceTree = SDKROOT; };
		373F73BD1694238700134653 /* CoreGraphics.framework */ = {isa = PBXFileReference; lastKnownFileType = wrapper.framework; name = CoreGraphics.framework; path = System/Library/Frameworks/CoreGraphics.framework; sourceTree = SDKROOT; };
		373F73C11694238700134653 /* BasicDemo-Info.plist */ = {isa = PBXFileReference; lastKnownFileType = text.plist.xml; path = "BasicDemo-Info.plist"; sourceTree = "<group>"; };
		373F73C31694238700134653 /* en */ = {isa = PBXFileReference; lastKnownFileType = text.plist.strings; name = en; path = en.lproj/InfoPlist.strings; sourceTree = "<group>"; };
		373F73C51694238700134653 /* main.m */ = {isa = PBXFileReference; lastKnownFileType = sourcecode.c.objc; path = main.m; sourceTree = "<group>"; };
		373F73C71694238700134653 /* BasicDemo-Prefix.pch */ = {isa = PBXFileReference; lastKnownFileType = sourcecode.c.h; path = "BasicDemo-Prefix.pch"; sourceTree = "<group>"; };
		373F73C81694238700134653 /* AppDelegate.h */ = {isa = PBXFileReference; lastKnownFileType = sourcecode.c.h; path = AppDelegate.h; sourceTree = "<group>"; };
		373F73C91694238700134653 /* AppDelegate.m */ = {isa = PBXFileReference; lastKnownFileType = sourcecode.c.objc; path = AppDelegate.m; sourceTree = "<group>"; };
		373F73CB1694238700134653 /* Default.png */ = {isa = PBXFileReference; lastKnownFileType = image.png; path = Default.png; sourceTree = "<group>"; };
		373F73CD1694238700134653 /* Default@2x.png */ = {isa = PBXFileReference; lastKnownFileType = image.png; path = "Default@2x.png"; sourceTree = "<group>"; };
		373F73CF1694238700134653 /* Default-568h@2x.png */ = {isa = PBXFileReference; lastKnownFileType = image.png; path = "Default-568h@2x.png"; sourceTree = "<group>"; };
		373F73D7169423CD00134653 /* DetailsViewController.h */ = {isa = PBXFileReference; fileEncoding = 4; lastKnownFileType = sourcecode.c.h; path = DetailsViewController.h; sourceTree = "<group>"; };
		373F73D8169423CD00134653 /* DetailsViewController.m */ = {isa = PBXFileReference; fileEncoding = 4; lastKnownFileType = sourcecode.c.objc; path = DetailsViewController.m; sourceTree = "<group>"; };
		373F73D9169423CD00134653 /* DetailsViewController.xib */ = {isa = PBXFileReference; fileEncoding = 4; lastKnownFileType = file.xib; path = DetailsViewController.xib; sourceTree = "<group>"; };
		373F73DA169423CD00134653 /* MenuViewController.h */ = {isa = PBXFileReference; fileEncoding = 4; lastKnownFileType = sourcecode.c.h; path = MenuViewController.h; sourceTree = "<group>"; };
		373F73DB169423CD00134653 /* MenuViewController.m */ = {isa = PBXFileReference; fileEncoding = 4; lastKnownFileType = sourcecode.c.objc; path = MenuViewController.m; sourceTree = "<group>"; };
		373F73E1169423D600134653 /* NVSlideMenuController.h */ = {isa = PBXFileReference; fileEncoding = 4; lastKnownFileType = sourcecode.c.h; path = NVSlideMenuController.h; sourceTree = "<group>"; };
		373F73E2169423D600134653 /* NVSlideMenuController.m */ = {isa = PBXFileReference; fileEncoding = 4; lastKnownFileType = sourcecode.c.objc; path = NVSlideMenuController.m; sourceTree = "<group>"; };
/* End PBXFileReference section */

/* Begin PBXFrameworksBuildPhase section */
		373F73B21694238700134653 /* Frameworks */ = {
			isa = PBXFrameworksBuildPhase;
			buildActionMask = 2147483647;
			files = (
				3727E3A6169709A800AA50DA /* QuartzCore.framework in Frameworks */,
				373F73BA1694238700134653 /* UIKit.framework in Frameworks */,
				373F73BC1694238700134653 /* Foundation.framework in Frameworks */,
				373F73BE1694238700134653 /* CoreGraphics.framework in Frameworks */,
			);
			runOnlyForDeploymentPostprocessing = 0;
		};
/* End PBXFrameworksBuildPhase section */

/* Begin PBXGroup section */
		373F73AA1694238700134653 = {
			isa = PBXGroup;
			children = (
				373F73BF1694238700134653 /* BasicDemo */,
				373F73B81694238700134653 /* Frameworks */,
				373F73B61694238700134653 /* Products */,
			);
			sourceTree = "<group>";
		};
		373F73B61694238700134653 /* Products */ = {
			isa = PBXGroup;
			children = (
				373F73B51694238700134653 /* BasicDemo.app */,
			);
			name = Products;
			sourceTree = "<group>";
		};
		373F73B81694238700134653 /* Frameworks */ = {
			isa = PBXGroup;
			children = (
				3727E3A5169709A800AA50DA /* QuartzCore.framework */,
				373F73B91694238700134653 /* UIKit.framework */,
				373F73BB1694238700134653 /* Foundation.framework */,
				373F73BD1694238700134653 /* CoreGraphics.framework */,
			);
			name = Frameworks;
			sourceTree = "<group>";
		};
		373F73BF1694238700134653 /* BasicDemo */ = {
			isa = PBXGroup;
			children = (
				373F73DF169423D600134653 /* lib */,
				373F73C81694238700134653 /* AppDelegate.h */,
				373F73C91694238700134653 /* AppDelegate.m */,
				373F73D6169423CD00134653 /* View Controllers */,
				373F73C01694238700134653 /* Supporting Files */,
			);
			path = BasicDemo;
			sourceTree = "<group>";
		};
		373F73C01694238700134653 /* Supporting Files */ = {
			isa = PBXGroup;
			children = (
				373F73C11694238700134653 /* BasicDemo-Info.plist */,
				373F73C21694238700134653 /* InfoPlist.strings */,
				373F73C51694238700134653 /* main.m */,
				373F73C71694238700134653 /* BasicDemo-Prefix.pch */,
				373F73CB1694238700134653 /* Default.png */,
				373F73CD1694238700134653 /* Default@2x.png */,
				373F73CF1694238700134653 /* Default-568h@2x.png */,
			);
			name = "Supporting Files";
			sourceTree = "<group>";
		};
		373F73D6169423CD00134653 /* View Controllers */ = {
			isa = PBXGroup;
			children = (
				373F73D7169423CD00134653 /* DetailsViewController.h */,
				373F73D8169423CD00134653 /* DetailsViewController.m */,
				373F73D9169423CD00134653 /* DetailsViewController.xib */,
				373F73DA169423CD00134653 /* MenuViewController.h */,
				373F73DB169423CD00134653 /* MenuViewController.m */,
			);
			path = "View Controllers";
			sourceTree = "<group>";
		};
		373F73DF169423D600134653 /* lib */ = {
			isa = PBXGroup;
			children = (
				373F73E0169423D600134653 /* NVSlideMenuController */,
			);
			name = lib;
			path = ../../../lib;
			sourceTree = "<group>";
		};
		373F73E0169423D600134653 /* NVSlideMenuController */ = {
			isa = PBXGroup;
			children = (
				373F73E1169423D600134653 /* NVSlideMenuController.h */,
				373F73E2169423D600134653 /* NVSlideMenuController.m */,
			);
			path = NVSlideMenuController;
			sourceTree = "<group>";
		};
/* End PBXGroup section */

/* Begin PBXNativeTarget section */
		373F73B41694238700134653 /* BasicDemo */ = {
			isa = PBXNativeTarget;
			buildConfigurationList = 373F73D31694238700134653 /* Build configuration list for PBXNativeTarget "BasicDemo" */;
			buildPhases = (
				373F73B11694238700134653 /* Sources */,
				373F73B21694238700134653 /* Frameworks */,
				373F73B31694238700134653 /* Resources */,
			);
			buildRules = (
			);
			dependencies = (
			);
			name = BasicDemo;
			productName = NVSlideMenuControllerDemo;
			productReference = 373F73B51694238700134653 /* BasicDemo.app */;
			productType = "com.apple.product-type.application";
		};
/* End PBXNativeTarget section */

/* Begin PBXProject section */
		373F73AC1694238700134653 /* Project object */ = {
			isa = PBXProject;
			attributes = {
				LastUpgradeCheck = 0460;
				ORGANIZATIONNAME = "Nicolas VERINAUD";
				TargetAttributes = {
					373F73B41694238700134653 = {
						DevelopmentTeam = 4C7SPGJ9DJ;
					};
				};
			};
			buildConfigurationList = 373F73AF1694238700134653 /* Build configuration list for PBXProject "BasicDemo" */;
			compatibilityVersion = "Xcode 3.2";
			developmentRegion = English;
			hasScannedForEncodings = 0;
			knownRegions = (
				en,
			);
			mainGroup = 373F73AA1694238700134653;
			productRefGroup = 373F73B61694238700134653 /* Products */;
			projectDirPath = "";
			projectRoot = "";
			targets = (
				373F73B41694238700134653 /* BasicDemo */,
			);
		};
/* End PBXProject section */

/* Begin PBXResourcesBuildPhase section */
		373F73B31694238700134653 /* Resources */ = {
			isa = PBXResourcesBuildPhase;
			buildActionMask = 2147483647;
			files = (
				373F73C41694238700134653 /* InfoPlist.strings in Resources */,
				373F73CC1694238700134653 /* Default.png in Resources */,
				373F73CE1694238700134653 /* Default@2x.png in Resources */,
				373F73D01694238700134653 /* Default-568h@2x.png in Resources */,
				373F73DD169423CD00134653 /* DetailsViewController.xib in Resources */,
			);
			runOnlyForDeploymentPostprocessing = 0;
		};
/* End PBXResourcesBuildPhase section */

/* Begin PBXSourcesBuildPhase section */
		373F73B11694238700134653 /* Sources */ = {
			isa = PBXSourcesBuildPhase;
			buildActionMask = 2147483647;
			files = (
				373F73C61694238700134653 /* main.m in Sources */,
				373F73CA1694238700134653 /* AppDelegate.m in Sources */,
				373F73DC169423CD00134653 /* DetailsViewController.m in Sources */,
				37D1DAFA17FF02B800C250D7 /* NVSlideMenuController.m in Sources */,
				373F73DE169423CD00134653 /* MenuViewController.m in Sources */,
			);
			runOnlyForDeploymentPostprocessing = 0;
		};
/* End PBXSourcesBuildPhase section */

/* Begin PBXVariantGroup section */
		373F73C21694238700134653 /* InfoPlist.strings */ = {
			isa = PBXVariantGroup;
			children = (
				373F73C31694238700134653 /* en */,
			);
			name = InfoPlist.strings;
			sourceTree = "<group>";
		};
/* End PBXVariantGroup section */

/* Begin XCBuildConfiguration section */
		373F73D11694238700134653 /* Debug */ = {
			isa = XCBuildConfiguration;
			buildSettings = {
				ALWAYS_SEARCH_USER_PATHS = NO;
				CLANG_CXX_LANGUAGE_STANDARD = "gnu++0x";
				CLANG_CXX_LIBRARY = "libc++";
				CLANG_WARN_EMPTY_BODY = YES;
				CLANG_WARN__DUPLICATE_METHOD_MATCH = YES;
				COPY_PHASE_STRIP = NO;
				GCC_C_LANGUAGE_STANDARD = gnu99;
				GCC_DYNAMIC_NO_PIC = NO;
				GCC_OPTIMIZATION_LEVEL = 0;
				GCC_PREPROCESSOR_DEFINITIONS = (
					"DEBUG=1",
					"$(inherited)",
				);
				GCC_SYMBOLS_PRIVATE_EXTERN = NO;
				GCC_WARN_ABOUT_RETURN_TYPE = YES;
				GCC_WARN_UNINITIALIZED_AUTOS = YES;
				GCC_WARN_UNUSED_VARIABLE = YES;
				IPHONEOS_DEPLOYMENT_TARGET = 6.0;
				ONLY_ACTIVE_ARCH = YES;
				SDKROOT = iphoneos;
				TARGETED_DEVICE_FAMILY = "1,2";
			};
			name = Debug;
		};
		373F73D21694238700134653 /* Release */ = {
			isa = XCBuildConfiguration;
			buildSettings = {
				ALWAYS_SEARCH_USER_PATHS = NO;
				CLANG_CXX_LANGUAGE_STANDARD = "gnu++0x";
				CLANG_CXX_LIBRARY = "libc++";
				CLANG_WARN_EMPTY_BODY = YES;
				CLANG_WARN__DUPLICATE_METHOD_MATCH = YES;
				COPY_PHASE_STRIP = YES;
				GCC_C_LANGUAGE_STANDARD = gnu99;
				GCC_WARN_ABOUT_RETURN_TYPE = YES;
				GCC_WARN_UNINITIALIZED_AUTOS = YES;
				GCC_WARN_UNUSED_VARIABLE = YES;
				IPHONEOS_DEPLOYMENT_TARGET = 6.0;
				OTHER_CFLAGS = "-DNS_BLOCK_ASSERTIONS=1";
				SDKROOT = iphoneos;
				TARGETED_DEVICE_FAMILY = "1,2";
				VALIDATE_PRODUCT = YES;
			};
			name = Release;
		};
		373F73D41694238700134653 /* Debug */ = {
			isa = XCBuildConfiguration;
			buildSettings = {
				CLANG_ENABLE_OBJC_ARC = YES;
				CLANG_WARN__ARC_BRIDGE_CAST_NONARC = YES;
				CODE_SIGN_IDENTITY = "iPhone Developer";
				GCC_PRECOMPILE_PREFIX_HEADER = YES;
				GCC_PREFIX_HEADER = "BasicDemo/BasicDemo-Prefix.pch";
				INFOPLIST_FILE = "$(SRCROOT)/BasicDemo/BasicDemo-Info.plist";
				IPHONEOS_DEPLOYMENT_TARGET = 5.0;
				PRODUCT_NAME = BasicDemo;
				PROVISIONING_PROFILE = "";
				WARNING_CFLAGS = "-Warc-bridge-casts-disallowed-in-nonarc";
				WRAPPER_EXTENSION = app;
			};
			name = Debug;
		};
		373F73D51694238700134653 /* Release */ = {
			isa = XCBuildConfiguration;
			buildSettings = {
				CLANG_ENABLE_OBJC_ARC = YES;
				CLANG_WARN__ARC_BRIDGE_CAST_NONARC = YES;
				CODE_SIGN_IDENTITY = "iPhone Developer";
				GCC_PRECOMPILE_PREFIX_HEADER = YES;
				GCC_PREFIX_HEADER = "BasicDemo/BasicDemo-Prefix.pch";
				INFOPLIST_FILE = "$(SRCROOT)/BasicDemo/BasicDemo-Info.plist";
				IPHONEOS_DEPLOYMENT_TARGET = 5.0;
				PRODUCT_NAME = BasicDemo;
				PROVISIONING_PROFILE = "";
				WARNING_CFLAGS = "-Warc-bridge-casts-disallowed-in-nonarc";
				WRAPPER_EXTENSION = app;
			};
			name = Release;
		};
/* End XCBuildConfiguration section */

/* Begin XCConfigurationList section */
		373F73AF1694238700134653 /* Build configuration list for PBXProject "BasicDemo" */ = {
			isa = XCConfigurationList;
			buildConfigurations = (
				373F73D11694238700134653 /* Debug */,
				373F73D21694238700134653 /* Release */,
			);
			defaultConfigurationIsVisible = 0;
			defaultConfigurationName = Release;
		};
		373F73D31694238700134653 /* Build configuration list for PBXNativeTarget "BasicDemo" */ = {
			isa = XCConfigurationList;
			buildConfigurations = (
				373F73D41694238700134653 /* Debug */,
				373F73D51694238700134653 /* Release */,
			);
			defaultConfigurationIsVisible = 0;
			defaultConfigurationName = Release;
		};
/* End XCConfigurationList section */
	};
	rootObject = 373F73AC1694238700134653 /* Project object */;
}
